// !$*UTF8*$!
{
	archiveVersion = 1;
	classes = {
	};
	objectVersion = 55;
	objects = {

/* Begin PBXBuildFile section */
		2941A439286C8DA000CD767D /* HelloReduxApp.swift in Sources */ = {isa = PBXBuildFile; fileRef = 2941A438286C8DA000CD767D /* HelloReduxApp.swift */; };
		2941A43B286C8DA000CD767D /* ContentView.swift in Sources */ = {isa = PBXBuildFile; fileRef = 2941A43A286C8DA000CD767D /* ContentView.swift */; };
		2941A43D286C8DA300CD767D /* Assets.xcassets in Resources */ = {isa = PBXBuildFile; fileRef = 2941A43C286C8DA300CD767D /* Assets.xcassets */; };
		2941A440286C8DA300CD767D /* Preview Assets.xcassets in Resources */ = {isa = PBXBuildFile; fileRef = 2941A43F286C8DA300CD767D /* Preview Assets.xcassets */; };
		2941A44A286C8DA300CD767D /* HelloReduxTests.swift in Sources */ = {isa = PBXBuildFile; fileRef = 2941A449286C8DA300CD767D /* HelloReduxTests.swift */; };
		2941A454286C8DA300CD767D /* HelloReduxUITests.swift in Sources */ = {isa = PBXBuildFile; fileRef = 2941A453286C8DA300CD767D /* HelloReduxUITests.swift */; };
		2941A456286C8DA300CD767D /* HelloReduxUITestsLaunchTests.swift in Sources */ = {isa = PBXBuildFile; fileRef = 2941A455286C8DA300CD767D /* HelloReduxUITestsLaunchTests.swift */; };
		2941A464286CBAE000CD767D /* Store.swift in Sources */ = {isa = PBXBuildFile; fileRef = 2941A463286CBAE000CD767D /* Store.swift */; };
/* End PBXBuildFile section */

/* Begin PBXContainerItemProxy section */
		2941A446286C8DA300CD767D /* PBXContainerItemProxy */ = {
			isa = PBXContainerItemProxy;
			containerPortal = 2941A42D286C8DA000CD767D /* Project object */;
			proxyType = 1;
			remoteGlobalIDString = 2941A434286C8DA000CD767D;
			remoteInfo = HelloRedux;
		};
		2941A450286C8DA300CD767D /* PBXContainerItemProxy */ = {
			isa = PBXContainerItemProxy;
			containerPortal = 2941A42D286C8DA000CD767D /* Project object */;
			proxyType = 1;
			remoteGlobalIDString = 2941A434286C8DA000CD767D;
			remoteInfo = HelloRedux;
		};
/* End PBXContainerItemProxy section */

/* Begin PBXFileReference section */
		2941A435286C8DA000CD767D /* HelloRedux.app */ = {isa = PBXFileReference; explicitFileType = wrapper.application; includeInIndex = 0; path = HelloRedux.app; sourceTree = BUILT_PRODUCTS_DIR; };
		2941A438286C8DA000CD767D /* HelloReduxApp.swift */ = {isa = PBXFileReference; lastKnownFileType = sourcecode.swift; path = HelloReduxApp.swift; sourceTree = "<group>"; };
		2941A43A286C8DA000CD767D /* ContentView.swift */ = {isa = PBXFileReference; lastKnownFileType = sourcecode.swift; path = ContentView.swift; sourceTree = "<group>"; };
		2941A43C286C8DA300CD767D /* Assets.xcassets */ = {isa = PBXFileReference; lastKnownFileType = folder.assetcatalog; path = Assets.xcassets; sourceTree = "<group>"; };
		2941A43F286C8DA300CD767D /* Preview Assets.xcassets */ = {isa = PBXFileReference; lastKnownFileType = folder.assetcatalog; path = "Preview Assets.xcassets"; sourceTree = "<group>"; };
		2941A445286C8DA300CD767D /* HelloReduxTests.xctest */ = {isa = PBXFileReference; explicitFileType = wrapper.cfbundle; includeInIndex = 0; path = HelloReduxTests.xctest; sourceTree = BUILT_PRODUCTS_DIR; };
		2941A449286C8DA300CD767D /* HelloReduxTests.swift */ = {isa = PBXFileReference; lastKnownFileType = sourcecode.swift; path = HelloReduxTests.swift; sourceTree = "<group>"; };
		2941A44F286C8DA300CD767D /* HelloReduxUITests.xctest */ = {isa = PBXFileReference; explicitFileType = wrapper.cfbundle; includeInIndex = 0; path = HelloReduxUITests.xctest; sourceTree = BUILT_PRODUCTS_DIR; };
		2941A453286C8DA300CD767D /* HelloReduxUITests.swift */ = {isa = PBXFileReference; lastKnownFileType = sourcecode.swift; path = HelloReduxUITests.swift; sourceTree = "<group>"; };
		2941A455286C8DA300CD767D /* HelloReduxUITestsLaunchTests.swift */ = {isa = PBXFileReference; lastKnownFileType = sourcecode.swift; path = HelloReduxUITestsLaunchTests.swift; sourceTree = "<group>"; };
		2941A463286CBAE000CD767D /* Store.swift */ = {isa = PBXFileReference; lastKnownFileType = sourcecode.swift; path = Store.swift; sourceTree = "<group>"; };
/* End PBXFileReference section */

/* Begin PBXFrameworksBuildPhase section */
		2941A432286C8DA000CD767D /* Frameworks */ = {
			isa = PBXFrameworksBuildPhase;
			buildActionMask = 2147483647;
			files = (
			);
			runOnlyForDeploymentPostprocessing = 0;
		};
		2941A442286C8DA300CD767D /* Frameworks */ = {
			isa = PBXFrameworksBuildPhase;
			buildActionMask = 2147483647;
			files = (
			);
			runOnlyForDeploymentPostprocessing = 0;
		};
		2941A44C286C8DA300CD767D /* Frameworks */ = {
			isa = PBXFrameworksBuildPhase;
			buildActionMask = 2147483647;
			files = (
			);
			runOnlyForDeploymentPostprocessing = 0;
		};
/* End PBXFrameworksBuildPhase section */

/* Begin PBXGroup section */
		2941A42C286C8DA000CD767D = {
			isa = PBXGroup;
			children = (
				2941A437286C8DA000CD767D /* HelloRedux */,
				2941A448286C8DA300CD767D /* HelloReduxTests */,
				2941A452286C8DA300CD767D /* HelloReduxUITests */,
				2941A436286C8DA000CD767D /* Products */,
			);
			sourceTree = "<group>";
		};
		2941A436286C8DA000CD767D /* Products */ = {
			isa = PBXGroup;
			children = (
				2941A435286C8DA000CD767D /* HelloRedux.app */,
				2941A445286C8DA300CD767D /* HelloReduxTests.xctest */,
				2941A44F286C8DA300CD767D /* HelloReduxUITests.xctest */,
			);
			name = Products;
			sourceTree = "<group>";
		};
		2941A437286C8DA000CD767D /* HelloRedux */ = {
			isa = PBXGroup;
			children = (
				2941A465286CBC2E00CD767D /* Shared */,
				2941A438286C8DA000CD767D /* HelloReduxApp.swift */,
				2941A43A286C8DA000CD767D /* ContentView.swift */,
				2941A43C286C8DA300CD767D /* Assets.xcassets */,
				2941A43E286C8DA300CD767D /* Preview Content */,
			);
			path = HelloRedux;
			sourceTree = "<group>";
		};
		2941A43E286C8DA300CD767D /* Preview Content */ = {
			isa = PBXGroup;
			children = (
				2941A43F286C8DA300CD767D /* Preview Assets.xcassets */,
			);
			path = "Preview Content";
			sourceTree = "<group>";
		};
		2941A448286C8DA300CD767D /* HelloReduxTests */ = {
			isa = PBXGroup;
			children = (
				2941A449286C8DA300CD767D /* HelloReduxTests.swift */,
			);
			path = HelloReduxTests;
			sourceTree = "<group>";
		};
		2941A452286C8DA300CD767D /* HelloReduxUITests */ = {
			isa = PBXGroup;
			children = (
				2941A453286C8DA300CD767D /* HelloReduxUITests.swift */,
				2941A455286C8DA300CD767D /* HelloReduxUITestsLaunchTests.swift */,
			);
			path = HelloReduxUITests;
			sourceTree = "<group>";
		};
		2941A462286CB79700CD767D /* Store */ = {
			isa = PBXGroup;
			children = (
				2941A463286CBAE000CD767D /* Store.swift */,
			);
			path = Store;
			sourceTree = "<group>";
		};
		2941A465286CBC2E00CD767D /* Shared */ = {
			isa = PBXGroup;
			children = (
				2941A462286CB79700CD767D /* Store */,
			);
			path = Shared;
			sourceTree = "<group>";
		};
/* End PBXGroup section */

/* Begin PBXNativeTarget section */
		2941A434286C8DA000CD767D /* HelloRedux */ = {
			isa = PBXNativeTarget;
			buildConfigurationList = 2941A459286C8DA300CD767D /* Build configuration list for PBXNativeTarget "HelloRedux" */;
			buildPhases = (
				2941A431286C8DA000CD767D /* Sources */,
				2941A432286C8DA000CD767D /* Frameworks */,
				2941A433286C8DA000CD767D /* Resources */,
			);
			buildRules = (
			);
			dependencies = (
			);
			name = HelloRedux;
			productName = HelloRedux;
			productReference = 2941A435286C8DA000CD767D /* HelloRedux.app */;
			productType = "com.apple.product-type.application";
		};
		2941A444286C8DA300CD767D /* HelloReduxTests */ = {
			isa = PBXNativeTarget;
			buildConfigurationList = 2941A45C286C8DA300CD767D /* Build configuration list for PBXNativeTarget "HelloReduxTests" */;
			buildPhases = (
				2941A441286C8DA300CD767D /* Sources */,
				2941A442286C8DA300CD767D /* Frameworks */,
				2941A443286C8DA300CD767D /* Resources */,
			);
			buildRules = (
			);
			dependencies = (
				2941A447286C8DA300CD767D /* PBXTargetDependency */,
			);
			name = HelloReduxTests;
			productName = HelloReduxTests;
			productReference = 2941A445286C8DA300CD767D /* HelloReduxTests.xctest */;
			productType = "com.apple.product-type.bundle.unit-test";
		};
		2941A44E286C8DA300CD767D /* HelloReduxUITests */ = {
			isa = PBXNativeTarget;
			buildConfigurationList = 2941A45F286C8DA300CD767D /* Build configuration list for PBXNativeTarget "HelloReduxUITests" */;
			buildPhases = (
				2941A44B286C8DA300CD767D /* Sources */,
				2941A44C286C8DA300CD767D /* Frameworks */,
				2941A44D286C8DA300CD767D /* Resources */,
			);
			buildRules = (
			);
			dependencies = (
				2941A451286C8DA300CD767D /* PBXTargetDependency */,
			);
			name = HelloReduxUITests;
			productName = HelloReduxUITests;
			productReference = 2941A44F286C8DA300CD767D /* HelloReduxUITests.xctest */;
			productType = "com.apple.product-type.bundle.ui-testing";
		};
/* End PBXNativeTarget section */

/* Begin PBXProject section */
		2941A42D286C8DA000CD767D /* Project object */ = {
			isa = PBXProject;
			attributes = {
				BuildIndependentTargetsInParallel = 1;
				LastSwiftUpdateCheck = 1340;
				LastUpgradeCheck = 1340;
				TargetAttributes = {
					2941A434286C8DA000CD767D = {
						CreatedOnToolsVersion = 13.4;
					};
					2941A444286C8DA300CD767D = {
						CreatedOnToolsVersion = 13.4;
						TestTargetID = 2941A434286C8DA000CD767D;
					};
					2941A44E286C8DA300CD767D = {
						CreatedOnToolsVersion = 13.4;
						TestTargetID = 2941A434286C8DA000CD767D;
					};
				};
			};
			buildConfigurationList = 2941A430286C8DA000CD767D /* Build configuration list for PBXProject "HelloRedux" */;
			compatibilityVersion = "Xcode 13.0";
			developmentRegion = en;
			hasScannedForEncodings = 0;
			knownRegions = (
				en,
				Base,
			);
			mainGroup = 2941A42C286C8DA000CD767D;
			productRefGroup = 2941A436286C8DA000CD767D /* Products */;
			projectDirPath = "";
			projectRoot = "";
			targets = (
				2941A434286C8DA000CD767D /* HelloRedux */,
				2941A444286C8DA300CD767D /* HelloReduxTests */,
				2941A44E286C8DA300CD767D /* HelloReduxUITests */,
			);
		};
/* End PBXProject section */

/* Begin PBXResourcesBuildPhase section */
		2941A433286C8DA000CD767D /* Resources */ = {
			isa = PBXResourcesBuildPhase;
			buildActionMask = 2147483647;
			files = (
				2941A440286C8DA300CD767D /* Preview Assets.xcassets in Resources */,
				2941A43D286C8DA300CD767D /* Assets.xcassets in Resources */,
			);
			runOnlyForDeploymentPostprocessing = 0;
		};
		2941A443286C8DA300CD767D /* Resources */ = {
			isa = PBXResourcesBuildPhase;
			buildActionMask = 2147483647;
			files = (
			);
			runOnlyForDeploymentPostprocessing = 0;
		};
		2941A44D286C8DA300CD767D /* Resources */ = {
			isa = PBXResourcesBuildPhase;
			buildActionMask = 2147483647;
			files = (
			);
			runOnlyForDeploymentPostprocessing = 0;
		};
/* End PBXResourcesBuildPhase section */

/* Begin PBXSourcesBuildPhase section */
		2941A431286C8DA000CD767D /* Sources */ = {
			isa = PBXSourcesBuildPhase;
			buildActionMask = 2147483647;
			files = (
				2941A464286CBAE000CD767D /* Store.swift in Sources */,
				2941A43B286C8DA000CD767D /* ContentView.swift in Sources */,
				2941A439286C8DA000CD767D /* HelloReduxApp.swift in Sources */,
			);
			runOnlyForDeploymentPostprocessing = 0;
		};
		2941A441286C8DA300CD767D /* Sources */ = {
			isa = PBXSourcesBuildPhase;
			buildActionMask = 2147483647;
			files = (
				2941A44A286C8DA300CD767D /* HelloReduxTests.swift in Sources */,
			);
			runOnlyForDeploymentPostprocessing = 0;
		};
		2941A44B286C8DA300CD767D /* Sources */ = {
			isa = PBXSourcesBuildPhase;
			buildActionMask = 2147483647;
			files = (
				2941A456286C8DA300CD767D /* HelloReduxUITestsLaunchTests.swift in Sources */,
				2941A454286C8DA300CD767D /* HelloReduxUITests.swift in Sources */,
			);
			runOnlyForDeploymentPostprocessing = 0;
		};
/* End PBXSourcesBuildPhase section */

/* Begin PBXTargetDependency section */
		2941A447286C8DA300CD767D /* PBXTargetDependency */ = {
			isa = PBXTargetDependency;
			target = 2941A434286C8DA000CD767D /* HelloRedux */;
			targetProxy = 2941A446286C8DA300CD767D /* PBXContainerItemProxy */;
		};
		2941A451286C8DA300CD767D /* PBXTargetDependency */ = {
			isa = PBXTargetDependency;
			target = 2941A434286C8DA000CD767D /* HelloRedux */;
			targetProxy = 2941A450286C8DA300CD767D /* PBXContainerItemProxy */;
		};
/* End PBXTargetDependency section */

/* Begin XCBuildConfiguration section */
		2941A457286C8DA300CD767D /* Debug */ = {
			isa = XCBuildConfiguration;
			buildSettings = {
				ALWAYS_SEARCH_USER_PATHS = NO;
				CLANG_ANALYZER_NONNULL = YES;
				CLANG_ANALYZER_NUMBER_OBJECT_CONVERSION = YES_AGGRESSIVE;
				CLANG_CXX_LANGUAGE_STANDARD = "gnu++17";
				CLANG_ENABLE_MODULES = YES;
				CLANG_ENABLE_OBJC_ARC = YES;
				CLANG_ENABLE_OBJC_WEAK = YES;
				CLANG_WARN_BLOCK_CAPTURE_AUTORELEASING = YES;
				CLANG_WARN_BOOL_CONVERSION = YES;
				CLANG_WARN_COMMA = YES;
				CLANG_WARN_CONSTANT_CONVERSION = YES;
				CLANG_WARN_DEPRECATED_OBJC_IMPLEMENTATIONS = YES;
				CLANG_WARN_DIRECT_OBJC_ISA_USAGE = YES_ERROR;
				CLANG_WARN_DOCUMENTATION_COMMENTS = YES;
				CLANG_WARN_EMPTY_BODY = YES;
				CLANG_WARN_ENUM_CONVERSION = YES;
				CLANG_WARN_INFINITE_RECURSION = YES;
				CLANG_WARN_INT_CONVERSION = YES;
				CLANG_WARN_NON_LITERAL_NULL_CONVERSION = YES;
				CLANG_WARN_OBJC_IMPLICIT_RETAIN_SELF = YES;
				CLANG_WARN_OBJC_LITERAL_CONVERSION = YES;
				CLANG_WARN_OBJC_ROOT_CLASS = YES_ERROR;
				CLANG_WARN_QUOTED_INCLUDE_IN_FRAMEWORK_HEADER = YES;
				CLANG_WARN_RANGE_LOOP_ANALYSIS = YES;
				CLANG_WARN_STRICT_PROTOTYPES = YES;
				CLANG_WARN_SUSPICIOUS_MOVE = YES;
				CLANG_WARN_UNGUARDED_AVAILABILITY = YES_AGGRESSIVE;
				CLANG_WARN_UNREACHABLE_CODE = YES;
				CLANG_WARN__DUPLICATE_METHOD_MATCH = YES;
				COPY_PHASE_STRIP = NO;
				DEBUG_INFORMATION_FORMAT = dwarf;
				ENABLE_STRICT_OBJC_MSGSEND = YES;
				ENABLE_TESTABILITY = YES;
				GCC_C_LANGUAGE_STANDARD = gnu11;
				GCC_DYNAMIC_NO_PIC = NO;
				GCC_NO_COMMON_BLOCKS = YES;
				GCC_OPTIMIZATION_LEVEL = 0;
				GCC_PREPROCESSOR_DEFINITIONS = (
					"DEBUG=1",
					"$(inherited)",
				);
				GCC_WARN_64_TO_32_BIT_CONVERSION = YES;
				GCC_WARN_ABOUT_RETURN_TYPE = YES_ERROR;
				GCC_WARN_UNDECLARED_SELECTOR = YES;
				GCC_WARN_UNINITIALIZED_AUTOS = YES_AGGRESSIVE;
				GCC_WARN_UNUSED_FUNCTION = YES;
				GCC_WARN_UNUSED_VARIABLE = YES;
				IPHONEOS_DEPLOYMENT_TARGET = 15.5;
				MTL_ENABLE_DEBUG_INFO = INCLUDE_SOURCE;
				MTL_FAST_MATH = YES;
				ONLY_ACTIVE_ARCH = YES;
				SDKROOT = iphoneos;
				SWIFT_ACTIVE_COMPILATION_CONDITIONS = DEBUG;
				SWIFT_OPTIMIZATION_LEVEL = "-Onone";
			};
			name = Debug;
		};
		2941A458286C8DA300CD767D /* Release */ = {
			isa = XCBuildConfiguration;
			buildSettings = {
				ALWAYS_SEARCH_USER_PATHS = NO;
				CLANG_ANALYZER_NONNULL = YES;
				CLANG_ANALYZER_NUMBER_OBJECT_CONVERSION = YES_AGGRESSIVE;
				CLANG_CXX_LANGUAGE_STANDARD = "gnu++17";
				CLANG_ENABLE_MODULES = YES;
				CLANG_ENABLE_OBJC_ARC = YES;
				CLANG_ENABLE_OBJC_WEAK = YES;
				CLANG_WARN_BLOCK_CAPTURE_AUTORELEASING = YES;
				CLANG_WARN_BOOL_CONVERSION = YES;
				CLANG_WARN_COMMA = YES;
				CLANG_WARN_CONSTANT_CONVERSION = YES;
				CLANG_WARN_DEPRECATED_OBJC_IMPLEMENTATIONS = YES;
				CLANG_WARN_DIRECT_OBJC_ISA_USAGE = YES_ERROR;
				CLANG_WARN_DOCUMENTATION_COMMENTS = YES;
				CLANG_WARN_EMPTY_BODY = YES;
				CLANG_WARN_ENUM_CONVERSION = YES;
				CLANG_WARN_INFINITE_RECURSION = YES;
				CLANG_WARN_INT_CONVERSION = YES;
				CLANG_WARN_NON_LITERAL_NULL_CONVERSION = YES;
				CLANG_WARN_OBJC_IMPLICIT_RETAIN_SELF = YES;
				CLANG_WARN_OBJC_LITERAL_CONVERSION = YES;
				CLANG_WARN_OBJC_ROOT_CLASS = YES_ERROR;
				CLANG_WARN_QUOTED_INCLUDE_IN_FRAMEWORK_HEADER = YES;
				CLANG_WARN_RANGE_LOOP_ANALYSIS = YES;
				CLANG_WARN_STRICT_PROTOTYPES = YES;
				CLANG_WARN_SUSPICIOUS_MOVE = YES;
				CLANG_WARN_UNGUARDED_AVAILABILITY = YES_AGGRESSIVE;
				CLANG_WARN_UNREACHABLE_CODE = YES;
				CLANG_WARN__DUPLICATE_METHOD_MATCH = YES;
				COPY_PHASE_STRIP = NO;
				DEBUG_INFORMATION_FORMAT = "dwarf-with-dsym";
				ENABLE_NS_ASSERTIONS = NO;
				ENABLE_STRICT_OBJC_MSGSEND = YES;
				GCC_C_LANGUAGE_STANDARD = gnu11;
				GCC_NO_COMMON_BLOCKS = YES;
				GCC_WARN_64_TO_32_BIT_CONVERSION = YES;
				GCC_WARN_ABOUT_RETURN_TYPE = YES_ERROR;
				GCC_WARN_UNDECLARED_SELECTOR = YES;
				GCC_WARN_UNINITIALIZED_AUTOS = YES_AGGRESSIVE;
				GCC_WARN_UNUSED_FUNCTION = YES;
				GCC_WARN_UNUSED_VARIABLE = YES;
				IPHONEOS_DEPLOYMENT_TARGET = 15.5;
				MTL_ENABLE_DEBUG_INFO = NO;
				MTL_FAST_MATH = YES;
				SDKROOT = iphoneos;
				SWIFT_COMPILATION_MODE = wholemodule;
				SWIFT_OPTIMIZATION_LEVEL = "-O";
				VALIDATE_PRODUCT = YES;
			};
			name = Release;
		};
		2941A45A286C8DA300CD767D /* Debug */ = {
			isa = XCBuildConfiguration;
			buildSettings = {
				ASSETCATALOG_COMPILER_APPICON_NAME = AppIcon;
				ASSETCATALOG_COMPILER_GLOBAL_ACCENT_COLOR_NAME = AccentColor;
				CODE_SIGN_STYLE = Automatic;
				CURRENT_PROJECT_VERSION = 1;
				DEVELOPMENT_ASSET_PATHS = "\"HelloRedux/Preview Content\"";
				DEVELOPMENT_TEAM = H46H8QMRM7;
				ENABLE_PREVIEWS = YES;
				GENERATE_INFOPLIST_FILE = YES;
				INFOPLIST_KEY_UIApplicationSceneManifest_Generation = YES;
				INFOPLIST_KEY_UIApplicationSupportsIndirectInputEvents = YES;
				INFOPLIST_KEY_UILaunchScreen_Generation = YES;
				INFOPLIST_KEY_UISupportedInterfaceOrientations_iPad = "UIInterfaceOrientationPortrait UIInterfaceOrientationPortraitUpsideDown UIInterfaceOrientationLandscapeLeft UIInterfaceOrientationLandscapeRight";
				INFOPLIST_KEY_UISupportedInterfaceOrientations_iPhone = "UIInterfaceOrientationPortrait UIInterfaceOrientationLandscapeLeft UIInterfaceOrientationLandscapeRight";
				LD_RUNPATH_SEARCH_PATHS = (
					"$(inherited)",
					"@executable_path/Frameworks",
				);
				MARKETING_VERSION = 1.0;
				PRODUCT_BUNDLE_IDENTIFIER = com.euhosc.HelloRedux;
				PRODUCT_NAME = "$(TARGET_NAME)";
				SWIFT_EMIT_LOC_STRINGS = YES;
				SWIFT_VERSION = 5.0;
				TARGETED_DEVICE_FAMILY = "1,2";
			};
			name = Debug;
		};
		2941A45B286C8DA300CD767D /* Release */ = {
			isa = XCBuildConfiguration;
			buildSettings = {
				ASSETCATALOG_COMPILER_APPICON_NAME = AppIcon;
				ASSETCATALOG_COMPILER_GLOBAL_ACCENT_COLOR_NAME = AccentColor;
				CODE_SIGN_STYLE = Automatic;
				CURRENT_PROJECT_VERSION = 1;
				DEVELOPMENT_ASSET_PATHS = "\"HelloRedux/Preview Content\"";
				DEVELOPMENT_TEAM = H46H8QMRM7;
				ENABLE_PREVIEWS = YES;
				GENERATE_INFOPLIST_FILE = YES;
				INFOPLIST_KEY_UIApplicationSceneManifest_Generation = YES;
				INFOPLIST_KEY_UIApplicationSupportsIndirectInputEvents = YES;
				INFOPLIST_KEY_UILaunchScreen_Generation = YES;
				INFOPLIST_KEY_UISupportedInterfaceOrientations_iPad = "UIInterfaceOrientationPortrait UIInterfaceOrientationPortraitUpsideDown UIInterfaceOrientationLandscapeLeft UIInterfaceOrientationLandscapeRight";
				INFOPLIST_KEY_UISupportedInterfaceOrientations_iPhone = "UIInterfaceOrientationPortrait UIInterfaceOrientationLandscapeLeft UIInterfaceOrientationLandscapeRight";
				LD_RUNPATH_SEARCH_PATHS = (
					"$(inherited)",
					"@executable_path/Frameworks",
				);
				MARKETING_VERSION = 1.0;
				PRODUCT_BUNDLE_IDENTIFIER = com.euhosc.HelloRedux;
				PRODUCT_NAME = "$(TARGET_NAME)";
				SWIFT_EMIT_LOC_STRINGS = YES;
				SWIFT_VERSION = 5.0;
				TARGETED_DEVICE_FAMILY = "1,2";
			};
			name = Release;
		};
		2941A45D286C8DA300CD767D /* Debug */ = {
			isa = XCBuildConfiguration;
			buildSettings = {
				ALWAYS_EMBED_SWIFT_STANDARD_LIBRARIES = YES;
				BUNDLE_LOADER = "$(TEST_HOST)";
				CODE_SIGN_STYLE = Automatic;
				CURRENT_PROJECT_VERSION = 1;
				DEVELOPMENT_TEAM = H46H8QMRM7;
				GENERATE_INFOPLIST_FILE = YES;
				IPHONEOS_DEPLOYMENT_TARGET = 15.5;
				MARKETING_VERSION = 1.0;
				PRODUCT_BUNDLE_IDENTIFIER = com.euhosc.HelloReduxTests;
				PRODUCT_NAME = "$(TARGET_NAME)";
				SWIFT_EMIT_LOC_STRINGS = NO;
				SWIFT_VERSION = 5.0;
				TARGETED_DEVICE_FAMILY = "1,2";
				TEST_HOST = "$(BUILT_PRODUCTS_DIR)/HelloRedux.app/HelloRedux";
			};
			name = Debug;
		};
		2941A45E286C8DA300CD767D /* Release */ = {
			isa = XCBuildConfiguration;
			buildSettings = {
				ALWAYS_EMBED_SWIFT_STANDARD_LIBRARIES = YES;
				BUNDLE_LOADER = "$(TEST_HOST)";
				CODE_SIGN_STYLE = Automatic;
				CURRENT_PROJECT_VERSION = 1;
				DEVELOPMENT_TEAM = H46H8QMRM7;
				GENERATE_INFOPLIST_FILE = YES;
				IPHONEOS_DEPLOYMENT_TARGET = 15.5;
				MARKETING_VERSION = 1.0;
				PRODUCT_BUNDLE_IDENTIFIER = com.euhosc.HelloReduxTests;
				PRODUCT_NAME = "$(TARGET_NAME)";
				SWIFT_EMIT_LOC_STRINGS = NO;
				SWIFT_VERSION = 5.0;
				TARGETED_DEVICE_FAMILY = "1,2";
				TEST_HOST = "$(BUILT_PRODUCTS_DIR)/HelloRedux.app/HelloRedux";
			};
			name = Release;
		};
		2941A460286C8DA300CD767D /* Debug */ = {
			isa = XCBuildConfiguration;
			buildSettings = {
				ALWAYS_EMBED_SWIFT_STANDARD_LIBRARIES = YES;
				CODE_SIGN_STYLE = Automatic;
				CURRENT_PROJECT_VERSION = 1;
				DEVELOPMENT_TEAM = H46H8QMRM7;
				GENERATE_INFOPLIST_FILE = YES;
				MARKETING_VERSION = 1.0;
				PRODUCT_BUNDLE_IDENTIFIER = com.euhosc.HelloReduxUITests;
				PRODUCT_NAME = "$(TARGET_NAME)";
				SWIFT_EMIT_LOC_STRINGS = NO;
				SWIFT_VERSION = 5.0;
				TARGETED_DEVICE_FAMILY = "1,2";
				TEST_TARGET_NAME = HelloRedux;
			};
			name = Debug;
		};
		2941A461286C8DA300CD767D /* Release */ = {
			isa = XCBuildConfiguration;
			buildSettings = {
				ALWAYS_EMBED_SWIFT_STANDARD_LIBRARIES = YES;
				CODE_SIGN_STYLE = Automatic;
				CURRENT_PROJECT_VERSION = 1;
				DEVELOPMENT_TEAM = H46H8QMRM7;
				GENERATE_INFOPLIST_FILE = YES;
				MARKETING_VERSION = 1.0;
				PRODUCT_BUNDLE_IDENTIFIER = com.euhosc.HelloReduxUITests;
				PRODUCT_NAME = "$(TARGET_NAME)";
				SWIFT_EMIT_LOC_STRINGS = NO;
				SWIFT_VERSION = 5.0;
				TARGETED_DEVICE_FAMILY = "1,2";
				TEST_TARGET_NAME = HelloRedux;
			};
			name = Release;
		};
/* End XCBuildConfiguration section */

/* Begin XCConfigurationList section */
		2941A430286C8DA000CD767D /* Build configuration list for PBXProject "HelloRedux" */ = {
			isa = XCConfigurationList;
			buildConfigurations = (
				2941A457286C8DA300CD767D /* Debug */,
				2941A458286C8DA300CD767D /* Release */,
			);
			defaultConfigurationIsVisible = 0;
			defaultConfigurationName = Release;
		};
		2941A459286C8DA300CD767D /* Build configuration list for PBXNativeTarget "HelloRedux" */ = {
			isa = XCConfigurationList;
			buildConfigurations = (
				2941A45A286C8DA300CD767D /* Debug */,
				2941A45B286C8DA300CD767D /* Release */,
			);
			defaultConfigurationIsVisible = 0;
			defaultConfigurationName = Release;
		};
		2941A45C286C8DA300CD767D /* Build configuration list for PBXNativeTarget "HelloReduxTests" */ = {
			isa = XCConfigurationList;
			buildConfigurations = (
				2941A45D286C8DA300CD767D /* Debug */,
				2941A45E286C8DA300CD767D /* Release */,
			);
			defaultConfigurationIsVisible = 0;
			defaultConfigurationName = Release;
		};
		2941A45F286C8DA300CD767D /* Build configuration list for PBXNativeTarget "HelloReduxUITests" */ = {
			isa = XCConfigurationList;
			buildConfigurations = (
				2941A460286C8DA300CD767D /* Debug */,
				2941A461286C8DA300CD767D /* Release */,
			);
			defaultConfigurationIsVisible = 0;
			defaultConfigurationName = Release;
		};
/* End XCConfigurationList section */
	};
	rootObject = 2941A42D286C8DA000CD767D /* Project object */;
}
